Microsoft Visual Studio Solution File, Format Version 11.00
# Visual Studio 2008

Project("{715F4F2B-E1CB-3B19-8040-0960A10CD9B1}") = "Magos&GoblinsProyect", "Assembly-CSharp.csproj", "{63006199-F621-C8D3-2B46-ABDAE5116ABA}"
EndProject
Project("{715F4F2B-E1CB-3B19-8040-0960A10CD9B1}") = "Magos&GoblinsProyect", "Assembly-CSharp-Editor.csproj", "{AE325493-84BF-E6EC-E241-DB4B5A3F5E66}"
EndProject
Global
	GlobalSection(SolutionConfigurationPlatforms) = preSolution
		Debug|Any CPU = Debug|Any CPU
		Release|Any CPU = Release|Any CPU
	EndGlobalSection
	GlobalSection(ProjectConfigurationPlatforms) = postSolution
		{63006199-F621-C8D3-2B46-ABDAE5116ABA}.Debug|Any CPU.ActiveCfg = Debug|Any CPU
		{63006199-F621-C8D3-2B46-ABDAE5116ABA}.Debug|Any CPU.Build.0 = Debug|Any CPU
		{63006199-F621-C8D3-2B46-ABDAE5116ABA}.Release|Any CPU.ActiveCfg = Release|Any CPU
		{63006199-F621-C8D3-2B46-ABDAE5116ABA}.Release|Any CPU.Build.0 = Release|Any CPU
		{AE325493-84BF-E6EC-E241-DB4B5A3F5E66}.Debug|Any CPU.ActiveCfg = Debug|Any CPU
		{AE325493-84BF-E6EC-E241-DB4B5A3F5E66}.Debug|Any CPU.Build.0 = Debug|Any CPU
		{AE325493-84BF-E6EC-E241-DB4B5A3F5E66}.Release|Any CPU.ActiveCfg = Release|Any CPU
		{AE325493-84BF-E6EC-E241-DB4B5A3F5E66}.Release|Any CPU.Build.0 = Release|Any CPU
	EndGlobalSection
	GlobalSection(SolutionProperties) = preSolution
		HideSolutionNode = FALSE
	EndGlobalSection
	GlobalSection(MonoDevelopProperties) = preSolution
		StartupItem = Assembly-CSharp.csproj
	EndGlobalSection
EndGlobal
